
Microsoft Visual Studio Solution File, Format Version 12.00
# Visual Studio Version 17
VisualStudioVersion = 17.0.32014.148
MinimumVisualStudioVersion = 10.0.40219.1
Project("{9A19103F-16F7-4668-BE54-9A1E7A4F7556}") = "AcademicSystem.Domain", "AcademicSystem.Domain\AcademicSystem.Domain.csproj", "{52CFD646-835C-4D75-9A64-D4EE6657E212}"
EndProject
Project("{9A19103F-16F7-4668-BE54-9A1E7A4F7556}") = "AcademicSystem.Api", "AcademicSystem.Api\AcademicSystem.Api.csproj", "{783835BA-F309-43E8-9DED-D0105FF743BA}"
EndProject
Project("{FAE04EC0-301F-11D3-BF4B-00C04F79EFBC}") = "AcademicSystem.Dal", "AcademicSystem.Dal\AcademicSystem.Dal.csproj", "{579D2035-6B7E-4ECE-9BCD-BABE3FD14661}"
EndProject
Project("{FAE04EC0-301F-11D3-BF4B-00C04F79EFBC}") = "AcademicSystem.Application", "AcademicSystem.Application\AcademicSystem.Application.csproj", "{A1FE98F7-8FF8-42DB-89F5-669AA613E203}"
EndProject
Global
	GlobalSection(SolutionConfigurationPlatforms) = preSolution
		Debug|Any CPU = Debug|Any CPU
		Release|Any CPU = Release|Any CPU
	EndGlobalSection
	GlobalSection(ProjectConfigurationPlatforms) = postSolution
		{52CFD646-835C-4D75-9A64-D4EE6657E212}.Debug|Any CPU.ActiveCfg = Debug|Any CPU
		{52CFD646-835C-4D75-9A64-D4EE6657E212}.Debug|Any CPU.Build.0 = Debug|Any CPU
		{52CFD646-835C-4D75-9A64-D4EE6657E212}.Release|Any CPU.ActiveCfg = Release|Any CPU
		{52CFD646-835C-4D75-9A64-D4EE6657E212}.Release|Any CPU.Build.0 = Release|Any CPU
		{783835BA-F309-43E8-9DED-D0105FF743BA}.Debug|Any CPU.ActiveCfg = Debug|Any CPU
		{783835BA-F309-43E8-9DED-D0105FF743BA}.Debug|Any CPU.Build.0 = Debug|Any CPU
		{783835BA-F309-43E8-9DED-D0105FF743BA}.Release|Any CPU.ActiveCfg = Release|Any CPU
		{783835BA-F309-43E8-9DED-D0105FF743BA}.Release|Any CPU.Build.0 = Release|Any CPU
		{579D2035-6B7E-4ECE-9BCD-BABE3FD14661}.Debug|Any CPU.ActiveCfg = Debug|Any CPU
		{579D2035-6B7E-4ECE-9BCD-BABE3FD14661}.Debug|Any CPU.Build.0 = Debug|Any CPU
		{579D2035-6B7E-4ECE-9BCD-BABE3FD14661}.Release|Any CPU.ActiveCfg = Release|Any CPU
		{579D2035-6B7E-4ECE-9BCD-BABE3FD14661}.Release|Any CPU.Build.0 = Release|Any CPU
		{A1FE98F7-8FF8-42DB-89F5-669AA613E203}.Debug|Any CPU.ActiveCfg = Debug|Any CPU
		{A1FE98F7-8FF8-42DB-89F5-669AA613E203}.Debug|Any CPU.Build.0 = Debug|Any CPU
		{A1FE98F7-8FF8-42DB-89F5-669AA613E203}.Release|Any CPU.ActiveCfg = Release|Any CPU
		{A1FE98F7-8FF8-42DB-89F5-669AA613E203}.Release|Any CPU.Build.0 = Release|Any CPU
	EndGlobalSection
	GlobalSection(SolutionProperties) = preSolution
		HideSolutionNode = FALSE
	EndGlobalSection
	GlobalSection(ExtensibilityGlobals) = postSolution
		SolutionGuid = {50551E94-FBA5-4DBA-BDE2-1D9BE38C604B}
	EndGlobalSection
EndGlobal
